// !$*UTF8*$!
{
	archiveVersion = 1;
	classes = {
	};
	objectVersion = 50;
	objects = {

/* Begin PBXBuildFile section */
		1B20B3EE69BBC75C730D9702 /* Pods_SearchPickerView.framework in Frameworks */ = {isa = PBXBuildFile; fileRef = B8700E0A11C7C81D6ABB4020 /* Pods_SearchPickerView.framework */; };
		3C0C154D225C3ADAD4324E07 /* Pods_SearchPickerViewTests.framework in Frameworks */ = {isa = PBXBuildFile; fileRef = 6A20F90220305F23FA09AE47 /* Pods_SearchPickerViewTests.framework */; };
		742DC1E91C73DF685ACC2383 /* Pods_SearchPickerView_SearchPickerViewUITests.framework in Frameworks */ = {isa = PBXBuildFile; fileRef = BACCE6360B92519DDEC016B1 /* Pods_SearchPickerView_SearchPickerViewUITests.framework */; };
		9B1C1E7B25D321DE00828369 /* SamplePickerDataSource.swift in Sources */ = {isa = PBXBuildFile; fileRef = 9B1C1E7A25D321DE00828369 /* SamplePickerDataSource.swift */; };
		9BA187A725CF56DA009C3A92 /* AppDelegate.swift in Sources */ = {isa = PBXBuildFile; fileRef = 9BA187A625CF56DA009C3A92 /* AppDelegate.swift */; };
		9BA187A925CF56DA009C3A92 /* SceneDelegate.swift in Sources */ = {isa = PBXBuildFile; fileRef = 9BA187A825CF56DA009C3A92 /* SceneDelegate.swift */; };
		9BA187AB25CF56DA009C3A92 /* ViewController.swift in Sources */ = {isa = PBXBuildFile; fileRef = 9BA187AA25CF56DA009C3A92 /* ViewController.swift */; };
		9BA187AE25CF56DA009C3A92 /* Main.storyboard in Resources */ = {isa = PBXBuildFile; fileRef = 9BA187AC25CF56DA009C3A92 /* Main.storyboard */; };
		9BA187B025CF56DF009C3A92 /* Assets.xcassets in Resources */ = {isa = PBXBuildFile; fileRef = 9BA187AF25CF56DF009C3A92 /* Assets.xcassets */; };
		9BA187B325CF56DF009C3A92 /* LaunchScreen.storyboard in Resources */ = {isa = PBXBuildFile; fileRef = 9BA187B125CF56DF009C3A92 /* LaunchScreen.storyboard */; };
		9BA187BE25CF56DF009C3A92 /* SearchPickerViewTests.swift in Sources */ = {isa = PBXBuildFile; fileRef = 9BA187BD25CF56DF009C3A92 /* SearchPickerViewTests.swift */; };
		9BA187C925CF56DF009C3A92 /* SearchPickerViewUITests.swift in Sources */ = {isa = PBXBuildFile; fileRef = 9BA187C825CF56DF009C3A92 /* SearchPickerViewUITests.swift */; };
/* End PBXBuildFile section */

/* Begin PBXContainerItemProxy section */
		9BA187BA25CF56DF009C3A92 /* PBXContainerItemProxy */ = {
			isa = PBXContainerItemProxy;
			containerPortal = 9BA1879B25CF56D9009C3A92 /* Project object */;
			proxyType = 1;
			remoteGlobalIDString = 9BA187A225CF56DA009C3A92;
			remoteInfo = SearchPickerView;
		};
		9BA187C525CF56DF009C3A92 /* PBXContainerItemProxy */ = {
			isa = PBXContainerItemProxy;
			containerPortal = 9BA1879B25CF56D9009C3A92 /* Project object */;
			proxyType = 1;
			remoteGlobalIDString = 9BA187A225CF56DA009C3A92;
			remoteInfo = SearchPickerView;
		};
/* End PBXContainerItemProxy section */

/* Begin PBXFileReference section */
		01B991DC428CB4BDB31DFB31 /* Pods-SearchPickerView.debug.xcconfig */ = {isa = PBXFileReference; includeInIndex = 1; lastKnownFileType = text.xcconfig; name = "Pods-SearchPickerView.debug.xcconfig"; path = "Target Support Files/Pods-SearchPickerView/Pods-SearchPickerView.debug.xcconfig"; sourceTree = "<group>"; };
		1B70B34B091AC3018A640623 /* Pods-SearchPickerViewTests.debug.xcconfig */ = {isa = PBXFileReference; includeInIndex = 1; lastKnownFileType = text.xcconfig; name = "Pods-SearchPickerViewTests.debug.xcconfig"; path = "Target Support Files/Pods-SearchPickerViewTests/Pods-SearchPickerViewTests.debug.xcconfig"; sourceTree = "<group>"; };
		1D46430FB10F909EBE670F31 /* Pods-SearchPickerViewTests.release.xcconfig */ = {isa = PBXFileReference; includeInIndex = 1; lastKnownFileType = text.xcconfig; name = "Pods-SearchPickerViewTests.release.xcconfig"; path = "Target Support Files/Pods-SearchPickerViewTests/Pods-SearchPickerViewTests.release.xcconfig"; sourceTree = "<group>"; };
		53E453E9FD72F44C011C0E65 /* Pods-SearchPickerView-SearchPickerViewUITests.debug.xcconfig */ = {isa = PBXFileReference; includeInIndex = 1; lastKnownFileType = text.xcconfig; name = "Pods-SearchPickerView-SearchPickerViewUITests.debug.xcconfig"; path = "Target Support Files/Pods-SearchPickerView-SearchPickerViewUITests/Pods-SearchPickerView-SearchPickerViewUITests.debug.xcconfig"; sourceTree = "<group>"; };
		6A20F90220305F23FA09AE47 /* Pods_SearchPickerViewTests.framework */ = {isa = PBXFileReference; explicitFileType = wrapper.framework; includeInIndex = 0; path = Pods_SearchPickerViewTests.framework; sourceTree = BUILT_PRODUCTS_DIR; };
		8FEB09002E9B33C01996C3A0 /* Pods-SearchPickerView.release.xcconfig */ = {isa = PBXFileReference; includeInIndex = 1; lastKnownFileType = text.xcconfig; name = "Pods-SearchPickerView.release.xcconfig"; path = "Target Support Files/Pods-SearchPickerView/Pods-SearchPickerView.release.xcconfig"; sourceTree = "<group>"; };
		9B1C1E7A25D321DE00828369 /* SamplePickerDataSource.swift */ = {isa = PBXFileReference; lastKnownFileType = sourcecode.swift; path = SamplePickerDataSource.swift; sourceTree = "<group>"; };
		9BA187A325CF56DA009C3A92 /* SearchPickerView.app */ = {isa = PBXFileReference; explicitFileType = wrapper.application; includeInIndex = 0; path = SearchPickerView.app; sourceTree = BUILT_PRODUCTS_DIR; };
		9BA187A625CF56DA009C3A92 /* AppDelegate.swift */ = {isa = PBXFileReference; lastKnownFileType = sourcecode.swift; path = AppDelegate.swift; sourceTree = "<group>"; };
		9BA187A825CF56DA009C3A92 /* SceneDelegate.swift */ = {isa = PBXFileReference; lastKnownFileType = sourcecode.swift; path = SceneDelegate.swift; sourceTree = "<group>"; };
		9BA187AA25CF56DA009C3A92 /* ViewController.swift */ = {isa = PBXFileReference; lastKnownFileType = sourcecode.swift; path = ViewController.swift; sourceTree = "<group>"; };
		9BA187AD25CF56DA009C3A92 /* Base */ = {isa = PBXFileReference; lastKnownFileType = file.storyboard; name = Base; path = Base.lproj/Main.storyboard; sourceTree = "<group>"; };
		9BA187AF25CF56DF009C3A92 /* Assets.xcassets */ = {isa = PBXFileReference; lastKnownFileType = folder.assetcatalog; path = Assets.xcassets; sourceTree = "<group>"; };
		9BA187B225CF56DF009C3A92 /* Base */ = {isa = PBXFileReference; lastKnownFileType = file.storyboard; name = Base; path = Base.lproj/LaunchScreen.storyboard; sourceTree = "<group>"; };
		9BA187B425CF56DF009C3A92 /* Info.plist */ = {isa = PBXFileReference; lastKnownFileType = text.plist.xml; path = Info.plist; sourceTree = "<group>"; };
		9BA187B925CF56DF009C3A92 /* SearchPickerViewTests.xctest */ = {isa = PBXFileReference; explicitFileType = wrapper.cfbundle; includeInIndex = 0; path = SearchPickerViewTests.xctest; sourceTree = BUILT_PRODUCTS_DIR; };
		9BA187BD25CF56DF009C3A92 /* SearchPickerViewTests.swift */ = {isa = PBXFileReference; lastKnownFileType = sourcecode.swift; path = SearchPickerViewTests.swift; sourceTree = "<group>"; };
		9BA187BF25CF56DF009C3A92 /* Info.plist */ = {isa = PBXFileReference; lastKnownFileType = text.plist.xml; path = Info.plist; sourceTree = "<group>"; };
		9BA187C425CF56DF009C3A92 /* SearchPickerViewUITests.xctest */ = {isa = PBXFileReference; explicitFileType = wrapper.cfbundle; includeInIndex = 0; path = SearchPickerViewUITests.xctest; sourceTree = BUILT_PRODUCTS_DIR; };
		9BA187C825CF56DF009C3A92 /* SearchPickerViewUITests.swift */ = {isa = PBXFileReference; lastKnownFileType = sourcecode.swift; path = SearchPickerViewUITests.swift; sourceTree = "<group>"; };
		9BA187CA25CF56DF009C3A92 /* Info.plist */ = {isa = PBXFileReference; lastKnownFileType = text.plist.xml; path = Info.plist; sourceTree = "<group>"; };
		B5E2734DFB6EF4B318999AD2 /* Pods-SearchPickerView-SearchPickerViewUITests.release.xcconfig */ = {isa = PBXFileReference; includeInIndex = 1; lastKnownFileType = text.xcconfig; name = "Pods-SearchPickerView-SearchPickerViewUITests.release.xcconfig"; path = "Target Support Files/Pods-SearchPickerView-SearchPickerViewUITests/Pods-SearchPickerView-SearchPickerViewUITests.release.xcconfig"; sourceTree = "<group>"; };
		B8700E0A11C7C81D6ABB4020 /* Pods_SearchPickerView.framework */ = {isa = PBXFileReference; explicitFileType = wrapper.framework; includeInIndex = 0; path = Pods_SearchPickerView.framework; sourceTree = BUILT_PRODUCTS_DIR; };
		BACCE6360B92519DDEC016B1 /* Pods_SearchPickerView_SearchPickerViewUITests.framework */ = {isa = PBXFileReference; explicitFileType = wrapper.framework; includeInIndex = 0; path = Pods_SearchPickerView_SearchPickerViewUITests.framework; sourceTree = BUILT_PRODUCTS_DIR; };
/* End PBXFileReference section */

/* Begin PBXFrameworksBuildPhase section */
		9BA187A025CF56DA009C3A92 /* Frameworks */ = {
			isa = PBXFrameworksBuildPhase;
			buildActionMask = 2147483647;
			files = (
				1B20B3EE69BBC75C730D9702 /* Pods_SearchPickerView.framework in Frameworks */,
			);
			runOnlyForDeploymentPostprocessing = 0;
		};
		9BA187B625CF56DF009C3A92 /* Frameworks */ = {
			isa = PBXFrameworksBuildPhase;
			buildActionMask = 2147483647;
			files = (
				3C0C154D225C3ADAD4324E07 /* Pods_SearchPickerViewTests.framework in Frameworks */,
			);
			runOnlyForDeploymentPostprocessing = 0;
		};
		9BA187C125CF56DF009C3A92 /* Frameworks */ = {
			isa = PBXFrameworksBuildPhase;
			buildActionMask = 2147483647;
			files = (
				742DC1E91C73DF685ACC2383 /* Pods_SearchPickerView_SearchPickerViewUITests.framework in Frameworks */,
			);
			runOnlyForDeploymentPostprocessing = 0;
		};
/* End PBXFrameworksBuildPhase section */

/* Begin PBXGroup section */
		14557C4CE02BBF19DBC3F215 /* Pods */ = {
			isa = PBXGroup;
			children = (
				01B991DC428CB4BDB31DFB31 /* Pods-SearchPickerView.debug.xcconfig */,
				8FEB09002E9B33C01996C3A0 /* Pods-SearchPickerView.release.xcconfig */,
				53E453E9FD72F44C011C0E65 /* Pods-SearchPickerView-SearchPickerViewUITests.debug.xcconfig */,
				B5E2734DFB6EF4B318999AD2 /* Pods-SearchPickerView-SearchPickerViewUITests.release.xcconfig */,
				1B70B34B091AC3018A640623 /* Pods-SearchPickerViewTests.debug.xcconfig */,
				1D46430FB10F909EBE670F31 /* Pods-SearchPickerViewTests.release.xcconfig */,
			);
			name = Pods;
			path = Pods;
			sourceTree = "<group>";
		};
		98F81106C8FFA215812801CD /* Frameworks */ = {
			isa = PBXGroup;
			children = (
				B8700E0A11C7C81D6ABB4020 /* Pods_SearchPickerView.framework */,
				BACCE6360B92519DDEC016B1 /* Pods_SearchPickerView_SearchPickerViewUITests.framework */,
				6A20F90220305F23FA09AE47 /* Pods_SearchPickerViewTests.framework */,
			);
			name = Frameworks;
			sourceTree = "<group>";
		};
		9B1C1E7925D321B900828369 /* DataSource */ = {
			isa = PBXGroup;
			children = (
				9B1C1E7A25D321DE00828369 /* SamplePickerDataSource.swift */,
			);
			path = DataSource;
			sourceTree = "<group>";
		};
		9BA1879A25CF56D9009C3A92 = {
			isa = PBXGroup;
			children = (
				9BA187A525CF56DA009C3A92 /* SearchPickerView */,
				9BA187BC25CF56DF009C3A92 /* SearchPickerViewTests */,
				9BA187C725CF56DF009C3A92 /* SearchPickerViewUITests */,
				9BA187A425CF56DA009C3A92 /* Products */,
				14557C4CE02BBF19DBC3F215 /* Pods */,
				98F81106C8FFA215812801CD /* Frameworks */,
			);
			sourceTree = "<group>";
		};
		9BA187A425CF56DA009C3A92 /* Products */ = {
			isa = PBXGroup;
			children = (
				9BA187A325CF56DA009C3A92 /* SearchPickerView.app */,
				9BA187B925CF56DF009C3A92 /* SearchPickerViewTests.xctest */,
				9BA187C425CF56DF009C3A92 /* SearchPickerViewUITests.xctest */,
			);
			name = Products;
			sourceTree = "<group>";
		};
		9BA187A525CF56DA009C3A92 /* SearchPickerView */ = {
			isa = PBXGroup;
			children = (
				9B1C1E7925D321B900828369 /* DataSource */,
				9BA187A625CF56DA009C3A92 /* AppDelegate.swift */,
				9BA187A825CF56DA009C3A92 /* SceneDelegate.swift */,
				9BA187AA25CF56DA009C3A92 /* ViewController.swift */,
				9BA187AC25CF56DA009C3A92 /* Main.storyboard */,
				9BA187AF25CF56DF009C3A92 /* Assets.xcassets */,
				9BA187B125CF56DF009C3A92 /* LaunchScreen.storyboard */,
				9BA187B425CF56DF009C3A92 /* Info.plist */,
			);
			path = SearchPickerView;
			sourceTree = "<group>";
		};
		9BA187BC25CF56DF009C3A92 /* SearchPickerViewTests */ = {
			isa = PBXGroup;
			children = (
				9BA187BD25CF56DF009C3A92 /* SearchPickerViewTests.swift */,
				9BA187BF25CF56DF009C3A92 /* Info.plist */,
			);
			path = SearchPickerViewTests;
			sourceTree = "<group>";
		};
		9BA187C725CF56DF009C3A92 /* SearchPickerViewUITests */ = {
			isa = PBXGroup;
			children = (
				9BA187C825CF56DF009C3A92 /* SearchPickerViewUITests.swift */,
				9BA187CA25CF56DF009C3A92 /* Info.plist */,
			);
			path = SearchPickerViewUITests;
			sourceTree = "<group>";
		};
/* End PBXGroup section */

/* Begin PBXNativeTarget section */
		9BA187A225CF56DA009C3A92 /* SearchPickerView */ = {
			isa = PBXNativeTarget;
			buildConfigurationList = 9BA187CD25CF56DF009C3A92 /* Build configuration list for PBXNativeTarget "SearchPickerView" */;
			buildPhases = (
				C90C8D5B9E3C92611D5773A8 /* [CP] Check Pods Manifest.lock */,
				9BA1879F25CF56DA009C3A92 /* Sources */,
				9BA187A025CF56DA009C3A92 /* Frameworks */,
				9BA187A125CF56DA009C3A92 /* Resources */,
				DB7243DB18DF1DD367A538C0 /* [CP] Embed Pods Frameworks */,
			);
			buildRules = (
			);
			dependencies = (
			);
			name = SearchPickerView;
			productName = SearchPickerView;
			productReference = 9BA187A325CF56DA009C3A92 /* SearchPickerView.app */;
			productType = "com.apple.product-type.application";
		};
		9BA187B825CF56DF009C3A92 /* SearchPickerViewTests */ = {
			isa = PBXNativeTarget;
			buildConfigurationList = 9BA187D025CF56DF009C3A92 /* Build configuration list for PBXNativeTarget "SearchPickerViewTests" */;
			buildPhases = (
				1E47978478AC9313FDBC23C0 /* [CP] Check Pods Manifest.lock */,
				9BA187B525CF56DF009C3A92 /* Sources */,
				9BA187B625CF56DF009C3A92 /* Frameworks */,
				9BA187B725CF56DF009C3A92 /* Resources */,
			);
			buildRules = (
			);
			dependencies = (
				9BA187BB25CF56DF009C3A92 /* PBXTargetDependency */,
			);
			name = SearchPickerViewTests;
			productName = SearchPickerViewTests;
			productReference = 9BA187B925CF56DF009C3A92 /* SearchPickerViewTests.xctest */;
			productType = "com.apple.product-type.bundle.unit-test";
		};
		9BA187C325CF56DF009C3A92 /* SearchPickerViewUITests */ = {
			isa = PBXNativeTarget;
			buildConfigurationList = 9BA187D325CF56DF009C3A92 /* Build configuration list for PBXNativeTarget "SearchPickerViewUITests" */;
			buildPhases = (
				2C760C8F95D1A3700433EDEC /* [CP] Check Pods Manifest.lock */,
				9BA187C025CF56DF009C3A92 /* Sources */,
				9BA187C125CF56DF009C3A92 /* Frameworks */,
				9BA187C225CF56DF009C3A92 /* Resources */,
				3B0624AF7F7AC91FE0076E4D /* [CP] Embed Pods Frameworks */,
			);
			buildRules = (
			);
			dependencies = (
				9BA187C625CF56DF009C3A92 /* PBXTargetDependency */,
			);
			name = SearchPickerViewUITests;
			productName = SearchPickerViewUITests;
			productReference = 9BA187C425CF56DF009C3A92 /* SearchPickerViewUITests.xctest */;
			productType = "com.apple.product-type.bundle.ui-testing";
		};
/* End PBXNativeTarget section */

/* Begin PBXProject section */
		9BA1879B25CF56D9009C3A92 /* Project object */ = {
			isa = PBXProject;
			attributes = {
				LastSwiftUpdateCheck = 1200;
				LastUpgradeCheck = 1200;
				TargetAttributes = {
					9BA187A225CF56DA009C3A92 = {
						CreatedOnToolsVersion = 12.0.1;
					};
					9BA187B825CF56DF009C3A92 = {
						CreatedOnToolsVersion = 12.0.1;
						TestTargetID = 9BA187A225CF56DA009C3A92;
					};
					9BA187C325CF56DF009C3A92 = {
						CreatedOnToolsVersion = 12.0.1;
						TestTargetID = 9BA187A225CF56DA009C3A92;
					};
				};
			};
			buildConfigurationList = 9BA1879E25CF56D9009C3A92 /* Build configuration list for PBXProject "SearchPickerView" */;
			compatibilityVersion = "Xcode 9.3";
			developmentRegion = en;
			hasScannedForEncodings = 0;
			knownRegions = (
				en,
				Base,
			);
			mainGroup = 9BA1879A25CF56D9009C3A92;
			productRefGroup = 9BA187A425CF56DA009C3A92 /* Products */;
			projectDirPath = "";
			projectRoot = "";
			targets = (
				9BA187A225CF56DA009C3A92 /* SearchPickerView */,
				9BA187B825CF56DF009C3A92 /* SearchPickerViewTests */,
				9BA187C325CF56DF009C3A92 /* SearchPickerViewUITests */,
			);
		};
/* End PBXProject section */

/* Begin PBXResourcesBuildPhase section */
		9BA187A125CF56DA009C3A92 /* Resources */ = {
			isa = PBXResourcesBuildPhase;
			buildActionMask = 2147483647;
			files = (
				9BA187B325CF56DF009C3A92 /* LaunchScreen.storyboard in Resources */,
				9BA187B025CF56DF009C3A92 /* Assets.xcassets in Resources */,
				9BA187AE25CF56DA009C3A92 /* Main.storyboard in Resources */,
			);
			runOnlyForDeploymentPostprocessing = 0;
		};
		9BA187B725CF56DF009C3A92 /* Resources */ = {
			isa = PBXResourcesBuildPhase;
			buildActionMask = 2147483647;
			files = (
			);
			runOnlyForDeploymentPostprocessing = 0;
		};
		9BA187C225CF56DF009C3A92 /* Resources */ = {
			isa = PBXResourcesBuildPhase;
			buildActionMask = 2147483647;
			files = (
			);
			runOnlyForDeploymentPostprocessing = 0;
		};
/* End PBXResourcesBuildPhase section */

/* Begin PBXShellScriptBuildPhase section */
		1E47978478AC9313FDBC23C0 /* [CP] Check Pods Manifest.lock */ = {
			isa = PBXShellScriptBuildPhase;
			buildActionMask = 2147483647;
			files = (
			);
			inputFileListPaths = (
			);
			inputPaths = (
				"${PODS_PODFILE_DIR_PATH}/Podfile.lock",
				"${PODS_ROOT}/Manifest.lock",
			);
			name = "[CP] Check Pods Manifest.lock";
			outputFileListPaths = (
			);
			outputPaths = (
				"$(DERIVED_FILE_DIR)/Pods-SearchPickerViewTests-checkManifestLockResult.txt",
			);
			runOnlyForDeploymentPostprocessing = 0;
			shellPath = /bin/sh;
			shellScript = "diff \"${PODS_PODFILE_DIR_PATH}/Podfile.lock\" \"${PODS_ROOT}/Manifest.lock\" > /dev/null\nif [ $? != 0 ] ; then\n    # print error to STDERR\n    echo \"error: The sandbox is not in sync with the Podfile.lock. Run 'pod install' or update your CocoaPods installation.\" >&2\n    exit 1\nfi\n# This output is used by Xcode 'outputs' to avoid re-running this script phase.\necho \"SUCCESS\" > \"${SCRIPT_OUTPUT_FILE_0}\"\n";
			showEnvVarsInLog = 0;
		};
		2C760C8F95D1A3700433EDEC /* [CP] Check Pods Manifest.lock */ = {
			isa = PBXShellScriptBuildPhase;
			buildActionMask = 2147483647;
			files = (
			);
			inputFileListPaths = (
			);
			inputPaths = (
				"${PODS_PODFILE_DIR_PATH}/Podfile.lock",
				"${PODS_ROOT}/Manifest.lock",
			);
			name = "[CP] Check Pods Manifest.lock";
			outputFileListPaths = (
			);
			outputPaths = (
				"$(DERIVED_FILE_DIR)/Pods-SearchPickerView-SearchPickerViewUITests-checkManifestLockResult.txt",
			);
			runOnlyForDeploymentPostprocessing = 0;
			shellPath = /bin/sh;
			shellScript = "diff \"${PODS_PODFILE_DIR_PATH}/Podfile.lock\" \"${PODS_ROOT}/Manifest.lock\" > /dev/null\nif [ $? != 0 ] ; then\n    # print error to STDERR\n    echo \"error: The sandbox is not in sync with the Podfile.lock. Run 'pod install' or update your CocoaPods installation.\" >&2\n    exit 1\nfi\n# This output is used by Xcode 'outputs' to avoid re-running this script phase.\necho \"SUCCESS\" > \"${SCRIPT_OUTPUT_FILE_0}\"\n";
			showEnvVarsInLog = 0;
		};
		3B0624AF7F7AC91FE0076E4D /* [CP] Embed Pods Frameworks */ = {
			isa = PBXShellScriptBuildPhase;
			buildActionMask = 2147483647;
			files = (
			);
			inputFileListPaths = (
				"${PODS_ROOT}/Target Support Files/Pods-SearchPickerView-SearchPickerViewUITests/Pods-SearchPickerView-SearchPickerViewUITests-frameworks-${CONFIGURATION}-input-files.xcfilelist",
			);
			name = "[CP] Embed Pods Frameworks";
			outputFileListPaths = (
				"${PODS_ROOT}/Target Support Files/Pods-SearchPickerView-SearchPickerViewUITests/Pods-SearchPickerView-SearchPickerViewUITests-frameworks-${CONFIGURATION}-output-files.xcfilelist",
			);
			runOnlyForDeploymentPostprocessing = 0;
			shellPath = /bin/sh;
			shellScript = "\"${PODS_ROOT}/Target Support Files/Pods-SearchPickerView-SearchPickerViewUITests/Pods-SearchPickerView-SearchPickerViewUITests-frameworks.sh\"\n";
			showEnvVarsInLog = 0;
		};
		C90C8D5B9E3C92611D5773A8 /* [CP] Check Pods Manifest.lock */ = {
			isa = PBXShellScriptBuildPhase;
			buildActionMask = 2147483647;
			files = (
			);
			inputFileListPaths = (
			);
			inputPaths = (
				"${PODS_PODFILE_DIR_PATH}/Podfile.lock",
				"${PODS_ROOT}/Manifest.lock",
			);
			name = "[CP] Check Pods Manifest.lock";
			outputFileListPaths = (
			);
			outputPaths = (
				"$(DERIVED_FILE_DIR)/Pods-SearchPickerView-checkManifestLockResult.txt",
			);
			runOnlyForDeploymentPostprocessing = 0;
			shellPath = /bin/sh;
			shellScript = "diff \"${PODS_PODFILE_DIR_PATH}/Podfile.lock\" \"${PODS_ROOT}/Manifest.lock\" > /dev/null\nif [ $? != 0 ] ; then\n    # print error to STDERR\n    echo \"error: The sandbox is not in sync with the Podfile.lock. Run 'pod install' or update your CocoaPods installation.\" >&2\n    exit 1\nfi\n# This output is used by Xcode 'outputs' to avoid re-running this script phase.\necho \"SUCCESS\" > \"${SCRIPT_OUTPUT_FILE_0}\"\n";
			showEnvVarsInLog = 0;
		};
		DB7243DB18DF1DD367A538C0 /* [CP] Embed Pods Frameworks */ = {
			isa = PBXShellScriptBuildPhase;
			buildActionMask = 2147483647;
			files = (
			);
			inputFileListPaths = (
				"${PODS_ROOT}/Target Support Files/Pods-SearchPickerView/Pods-SearchPickerView-frameworks-${CONFIGURATION}-input-files.xcfilelist",
			);
			name = "[CP] Embed Pods Frameworks";
			outputFileListPaths = (
				"${PODS_ROOT}/Target Support Files/Pods-SearchPickerView/Pods-SearchPickerView-frameworks-${CONFIGURATION}-output-files.xcfilelist",
			);
			runOnlyForDeploymentPostprocessing = 0;
			shellPath = /bin/sh;
			shellScript = "\"${PODS_ROOT}/Target Support Files/Pods-SearchPickerView/Pods-SearchPickerView-frameworks.sh\"\n";
			showEnvVarsInLog = 0;
		};
/* End PBXShellScriptBuildPhase section */

/* Begin PBXSourcesBuildPhase section */
		9BA1879F25CF56DA009C3A92 /* Sources */ = {
			isa = PBXSourcesBuildPhase;
			buildActionMask = 2147483647;
			files = (
				9BA187AB25CF56DA009C3A92 /* ViewController.swift in Sources */,
				9BA187A725CF56DA009C3A92 /* AppDelegate.swift in Sources */,
				9B1C1E7B25D321DE00828369 /* SamplePickerDataSource.swift in Sources */,
				9BA187A925CF56DA009C3A92 /* SceneDelegate.swift in Sources */,
			);
			runOnlyForDeploymentPostprocessing = 0;
		};
		9BA187B525CF56DF009C3A92 /* Sources */ = {
			isa = PBXSourcesBuildPhase;
			buildActionMask = 2147483647;
			files = (
				9BA187BE25CF56DF009C3A92 /* SearchPickerViewTests.swift in Sources */,
			);
			runOnlyForDeploymentPostprocessing = 0;
		};
		9BA187C025CF56DF009C3A92 /* Sources */ = {
			isa = PBXSourcesBuildPhase;
			buildActionMask = 2147483647;
			files = (
				9BA187C925CF56DF009C3A92 /* SearchPickerViewUITests.swift in Sources */,
			);
			runOnlyForDeploymentPostprocessing = 0;
		};
/* End PBXSourcesBuildPhase section */

/* Begin PBXTargetDependency section */
		9BA187BB25CF56DF009C3A92 /* PBXTargetDependency */ = {
			isa = PBXTargetDependency;
			target = 9BA187A225CF56DA009C3A92 /* SearchPickerView */;
			targetProxy = 9BA187BA25CF56DF009C3A92 /* PBXContainerItemProxy */;
		};
		9BA187C625CF56DF009C3A92 /* PBXTargetDependency */ = {
			isa = PBXTargetDependency;
			target = 9BA187A225CF56DA009C3A92 /* SearchPickerView */;
			targetProxy = 9BA187C525CF56DF009C3A92 /* PBXContainerItemProxy */;
		};
/* End PBXTargetDependency section */

/* Begin PBXVariantGroup section */
		9BA187AC25CF56DA009C3A92 /* Main.storyboard */ = {
			isa = PBXVariantGroup;
			children = (
				9BA187AD25CF56DA009C3A92 /* Base */,
			);
			name = Main.storyboard;
			sourceTree = "<group>";
		};
		9BA187B125CF56DF009C3A92 /* LaunchScreen.storyboard */ = {
			isa = PBXVariantGroup;
			children = (
				9BA187B225CF56DF009C3A92 /* Base */,
			);
			name = LaunchScreen.storyboard;
			sourceTree = "<group>";
		};
/* End PBXVariantGroup section */

/* Begin XCBuildConfiguration section */
		9BA187CB25CF56DF009C3A92 /* Debug */ = {
			isa = XCBuildConfiguration;
			buildSettings = {
				ALWAYS_SEARCH_USER_PATHS = NO;
				CLANG_ANALYZER_NONNULL = YES;
				CLANG_ANALYZER_NUMBER_OBJECT_CONVERSION = YES_AGGRESSIVE;
				CLANG_CXX_LANGUAGE_STANDARD = "gnu++14";
				CLANG_CXX_LIBRARY = "libc++";
				CLANG_ENABLE_MODULES = YES;
				CLANG_ENABLE_OBJC_ARC = YES;
				CLANG_ENABLE_OBJC_WEAK = YES;
				CLANG_WARN_BLOCK_CAPTURE_AUTORELEASING = YES;
				CLANG_WARN_BOOL_CONVERSION = YES;
				CLANG_WARN_COMMA = YES;
				CLANG_WARN_CONSTANT_CONVERSION = YES;
				CLANG_WARN_DEPRECATED_OBJC_IMPLEMENTATIONS = YES;
				CLANG_WARN_DIRECT_OBJC_ISA_USAGE = YES_ERROR;
				CLANG_WARN_DOCUMENTATION_COMMENTS = YES;
				CLANG_WARN_EMPTY_BODY = YES;
				CLANG_WARN_ENUM_CONVERSION = YES;
				CLANG_WARN_INFINITE_RECURSION = YES;
				CLANG_WARN_INT_CONVERSION = YES;
				CLANG_WARN_NON_LITERAL_NULL_CONVERSION = YES;
				CLANG_WARN_OBJC_IMPLICIT_RETAIN_SELF = YES;
				CLANG_WARN_OBJC_LITERAL_CONVERSION = YES;
				CLANG_WARN_OBJC_ROOT_CLASS = YES_ERROR;
				CLANG_WARN_QUOTED_INCLUDE_IN_FRAMEWORK_HEADER = YES;
				CLANG_WARN_RANGE_LOOP_ANALYSIS = YES;
				CLANG_WARN_STRICT_PROTOTYPES = YES;
				CLANG_WARN_SUSPICIOUS_MOVE = YES;
				CLANG_WARN_UNGUARDED_AVAILABILITY = YES_AGGRESSIVE;
				CLANG_WARN_UNREACHABLE_CODE = YES;
				CLANG_WARN__DUPLICATE_METHOD_MATCH = YES;
				COPY_PHASE_STRIP = NO;
				DEBUG_INFORMATION_FORMAT = dwarf;
				ENABLE_STRICT_OBJC_MSGSEND = YES;
				ENABLE_TESTABILITY = YES;
				GCC_C_LANGUAGE_STANDARD = gnu11;
				GCC_DYNAMIC_NO_PIC = NO;
				GCC_NO_COMMON_BLOCKS = YES;
				GCC_OPTIMIZATION_LEVEL = 0;
				GCC_PREPROCESSOR_DEFINITIONS = (
					"DEBUG=1",
					"$(inherited)",
				);
				GCC_WARN_64_TO_32_BIT_CONVERSION = YES;
				GCC_WARN_ABOUT_RETURN_TYPE = YES_ERROR;
				GCC_WARN_UNDECLARED_SELECTOR = YES;
				GCC_WARN_UNINITIALIZED_AUTOS = YES_AGGRESSIVE;
				GCC_WARN_UNUSED_FUNCTION = YES;
				GCC_WARN_UNUSED_VARIABLE = YES;
				IPHONEOS_DEPLOYMENT_TARGET = 14.0;
				MTL_ENABLE_DEBUG_INFO = INCLUDE_SOURCE;
				MTL_FAST_MATH = YES;
				ONLY_ACTIVE_ARCH = YES;
				SDKROOT = iphoneos;
				SWIFT_ACTIVE_COMPILATION_CONDITIONS = DEBUG;
				SWIFT_OPTIMIZATION_LEVEL = "-Onone";
			};
			name = Debug;
		};
		9BA187CC25CF56DF009C3A92 /* Release */ = {
			isa = XCBuildConfiguration;
			buildSettings = {
				ALWAYS_SEARCH_USER_PATHS = NO;
				CLANG_ANALYZER_NONNULL = YES;
				CLANG_ANALYZER_NUMBER_OBJECT_CONVERSION = YES_AGGRESSIVE;
				CLANG_CXX_LANGUAGE_STANDARD = "gnu++14";
				CLANG_CXX_LIBRARY = "libc++";
				CLANG_ENABLE_MODULES = YES;
				CLANG_ENABLE_OBJC_ARC = YES;
				CLANG_ENABLE_OBJC_WEAK = YES;
				CLANG_WARN_BLOCK_CAPTURE_AUTORELEASING = YES;
				CLANG_WARN_BOOL_CONVERSION = YES;
				CLANG_WARN_COMMA = YES;
				CLANG_WARN_CONSTANT_CONVERSION = YES;
				CLANG_WARN_DEPRECATED_OBJC_IMPLEMENTATIONS = YES;
				CLANG_WARN_DIRECT_OBJC_ISA_USAGE = YES_ERROR;
				CLANG_WARN_DOCUMENTATION_COMMENTS = YES;
				CLANG_WARN_EMPTY_BODY = YES;
				CLANG_WARN_ENUM_CONVERSION = YES;
				CLANG_WARN_INFINITE_RECURSION = YES;
				CLANG_WARN_INT_CONVERSION = YES;
				CLANG_WARN_NON_LITERAL_NULL_CONVERSION = YES;
				CLANG_WARN_OBJC_IMPLICIT_RETAIN_SELF = YES;
				CLANG_WARN_OBJC_LITERAL_CONVERSION = YES;
				CLANG_WARN_OBJC_ROOT_CLASS = YES_ERROR;
				CLANG_WARN_QUOTED_INCLUDE_IN_FRAMEWORK_HEADER = YES;
				CLANG_WARN_RANGE_LOOP_ANALYSIS = YES;
				CLANG_WARN_STRICT_PROTOTYPES = YES;
				CLANG_WARN_SUSPICIOUS_MOVE = YES;
				CLANG_WARN_UNGUARDED_AVAILABILITY = YES_AGGRESSIVE;
				CLANG_WARN_UNREACHABLE_CODE = YES;
				CLANG_WARN__DUPLICATE_METHOD_MATCH = YES;
				COPY_PHASE_STRIP = NO;
				DEBUG_INFORMATION_FORMAT = "dwarf-with-dsym";
				ENABLE_NS_ASSERTIONS = NO;
				ENABLE_STRICT_OBJC_MSGSEND = YES;
				GCC_C_LANGUAGE_STANDARD = gnu11;
				GCC_NO_COMMON_BLOCKS = YES;
				GCC_WARN_64_TO_32_BIT_CONVERSION = YES;
				GCC_WARN_ABOUT_RETURN_TYPE = YES_ERROR;
				GCC_WARN_UNDECLARED_SELECTOR = YES;
				GCC_WARN_UNINITIALIZED_AUTOS = YES_AGGRESSIVE;
				GCC_WARN_UNUSED_FUNCTION = YES;
				GCC_WARN_UNUSED_VARIABLE = YES;
				IPHONEOS_DEPLOYMENT_TARGET = 14.0;
				MTL_ENABLE_DEBUG_INFO = NO;
				MTL_FAST_MATH = YES;
				SDKROOT = iphoneos;
				SWIFT_COMPILATION_MODE = wholemodule;
				SWIFT_OPTIMIZATION_LEVEL = "-O";
				VALIDATE_PRODUCT = YES;
			};
			name = Release;
		};
		9BA187CE25CF56DF009C3A92 /* Debug */ = {
			isa = XCBuildConfiguration;
			baseConfigurationReference = 01B991DC428CB4BDB31DFB31 /* Pods-SearchPickerView.debug.xcconfig */;
			buildSettings = {
				ASSETCATALOG_COMPILER_APPICON_NAME = AppIcon;
				ASSETCATALOG_COMPILER_GLOBAL_ACCENT_COLOR_NAME = AccentColor;
				CODE_SIGN_STYLE = Automatic;
				DEVELOPMENT_TEAM = K28F8V87DB;
				INFOPLIST_FILE = SearchPickerView/Info.plist;
				LD_RUNPATH_SEARCH_PATHS = (
					"$(inherited)",
					"@executable_path/Frameworks",
				);
				PRODUCT_BUNDLE_IDENTIFIER = ir.Pishvaee.SearchPickerView;
				PRODUCT_NAME = "$(TARGET_NAME)";
				SWIFT_VERSION = 5.0;
				TARGETED_DEVICE_FAMILY = "1,2";
			};
			name = Debug;
		};
		9BA187CF25CF56DF009C3A92 /* Release */ = {
			isa = XCBuildConfiguration;
			baseConfigurationReference = 8FEB09002E9B33C01996C3A0 /* Pods-SearchPickerView.release.xcconfig */;
			buildSettings = {
				ASSETCATALOG_COMPILER_APPICON_NAME = AppIcon;
				ASSETCATALOG_COMPILER_GLOBAL_ACCENT_COLOR_NAME = AccentColor;
				CODE_SIGN_STYLE = Automatic;
				DEVELOPMENT_TEAM = K28F8V87DB;
				INFOPLIST_FILE = SearchPickerView/Info.plist;
				LD_RUNPATH_SEARCH_PATHS = (
					"$(inherited)",
					"@executable_path/Frameworks",
				);
				PRODUCT_BUNDLE_IDENTIFIER = ir.Pishvaee.SearchPickerView;
				PRODUCT_NAME = "$(TARGET_NAME)";
				SWIFT_VERSION = 5.0;
				TARGETED_DEVICE_FAMILY = "1,2";
			};
			name = Release;
		};
		9BA187D125CF56DF009C3A92 /* Debug */ = {
			isa = XCBuildConfiguration;
			baseConfigurationReference = 1B70B34B091AC3018A640623 /* Pods-SearchPickerViewTests.debug.xcconfig */;
			buildSettings = {
				ALWAYS_EMBED_SWIFT_STANDARD_LIBRARIES = YES;
				BUNDLE_LOADER = "$(TEST_HOST)";
				CODE_SIGN_STYLE = Automatic;
				DEVELOPMENT_TEAM = K28F8V87DB;
				INFOPLIST_FILE = SearchPickerViewTests/Info.plist;
				IPHONEOS_DEPLOYMENT_TARGET = 14.0;
				LD_RUNPATH_SEARCH_PATHS = (
					"$(inherited)",
					"@executable_path/Frameworks",
					"@loader_path/Frameworks",
				);
				PRODUCT_BUNDLE_IDENTIFIER = ir.Pishvaee.SearchPickerViewTests;
				PRODUCT_NAME = "$(TARGET_NAME)";
				SWIFT_VERSION = 5.0;
				TARGETED_DEVICE_FAMILY = "1,2";
				TEST_HOST = "$(BUILT_PRODUCTS_DIR)/SearchPickerView.app/SearchPickerView";
			};
			name = Debug;
		};
		9BA187D225CF56DF009C3A92 /* Release */ = {
			isa = XCBuildConfiguration;
			baseConfigurationReference = 1D46430FB10F909EBE670F31 /* Pods-SearchPickerViewTests.release.xcconfig */;
			buildSettings = {
				ALWAYS_EMBED_SWIFT_STANDARD_LIBRARIES = YES;
				BUNDLE_LOADER = "$(TEST_HOST)";
				CODE_SIGN_STYLE = Automatic;
				DEVELOPMENT_TEAM = K28F8V87DB;
				INFOPLIST_FILE = SearchPickerViewTests/Info.plist;
				IPHONEOS_DEPLOYMENT_TARGET = 14.0;
				LD_RUNPATH_SEARCH_PATHS = (
					"$(inherited)",
					"@executable_path/Frameworks",
					"@loader_path/Frameworks",
				);
				PRODUCT_BUNDLE_IDENTIFIER = ir.Pishvaee.SearchPickerViewTests;
				PRODUCT_NAME = "$(TARGET_NAME)";
				SWIFT_VERSION = 5.0;
				TARGETED_DEVICE_FAMILY = "1,2";
				TEST_HOST = "$(BUILT_PRODUCTS_DIR)/SearchPickerView.app/SearchPickerView";
			};
			name = Release;
		};
		9BA187D425CF56DF009C3A92 /* Debug */ = {
			isa = XCBuildConfiguration;
			baseConfigurationReference = 53E453E9FD72F44C011C0E65 /* Pods-SearchPickerView-SearchPickerViewUITests.debug.xcconfig */;
			buildSettings = {
				ALWAYS_EMBED_SWIFT_STANDARD_LIBRARIES = YES;
				CODE_SIGN_STYLE = Automatic;
				DEVELOPMENT_TEAM = K28F8V87DB;
				INFOPLIST_FILE = SearchPickerViewUITests/Info.plist;
				LD_RUNPATH_SEARCH_PATHS = (
					"$(inherited)",
					"@executable_path/Frameworks",
					"@loader_path/Frameworks",
				);
				PRODUCT_BUNDLE_IDENTIFIER = ir.Pishvaee.SearchPickerViewUITests;
				PRODUCT_NAME = "$(TARGET_NAME)";
				SWIFT_VERSION = 5.0;
				TARGETED_DEVICE_FAMILY = "1,2";
				TEST_TARGET_NAME = SearchPickerView;
			};
			name = Debug;
		};
		9BA187D525CF56DF009C3A92 /* Release */ = {
			isa = XCBuildConfiguration;
			baseConfigurationReference = B5E2734DFB6EF4B318999AD2 /* Pods-SearchPickerView-SearchPickerViewUITests.release.xcconfig */;
			buildSettings = {
				ALWAYS_EMBED_SWIFT_STANDARD_LIBRARIES = YES;
				CODE_SIGN_STYLE = Automatic;
				DEVELOPMENT_TEAM = K28F8V87DB;
				INFOPLIST_FILE = SearchPickerViewUITests/Info.plist;
				LD_RUNPATH_SEARCH_PATHS = (
					"$(inherited)",
					"@executable_path/Frameworks",
					"@loader_path/Frameworks",
				);
				PRODUCT_BUNDLE_IDENTIFIER = ir.Pishvaee.SearchPickerViewUITests;
				PRODUCT_NAME = "$(TARGET_NAME)";
				SWIFT_VERSION = 5.0;
				TARGETED_DEVICE_FAMILY = "1,2";
				TEST_TARGET_NAME = SearchPickerView;
			};
			name = Release;
		};
/* End XCBuildConfiguration section */

/* Begin XCConfigurationList section */
		9BA1879E25CF56D9009C3A92 /* Build configuration list for PBXProject "SearchPickerView" */ = {
			isa = XCConfigurationList;
			buildConfigurations = (
				9BA187CB25CF56DF009C3A92 /* Debug */,
				9BA187CC25CF56DF009C3A92 /* Release */,
			);
			defaultConfigurationIsVisible = 0;
			defaultConfigurationName = Release;
		};
		9BA187CD25CF56DF009C3A92 /* Build configuration list for PBXNativeTarget "SearchPickerView" */ = {
			isa = XCConfigurationList;
			buildConfigurations = (
				9BA187CE25CF56DF009C3A92 /* Debug */,
				9BA187CF25CF56DF009C3A92 /* Release */,
			);
			defaultConfigurationIsVisible = 0;
			defaultConfigurationName = Release;
		};
		9BA187D025CF56DF009C3A92 /* Build configuration list for PBXNativeTarget "SearchPickerViewTests" */ = {
			isa = XCConfigurationList;
			buildConfigurations = (
				9BA187D125CF56DF009C3A92 /* Debug */,
				9BA187D225CF56DF009C3A92 /* Release */,
			);
			defaultConfigurationIsVisible = 0;
			defaultConfigurationName = Release;
		};
		9BA187D325CF56DF009C3A92 /* Build configuration list for PBXNativeTarget "SearchPickerViewUITests" */ = {
			isa = XCConfigurationList;
			buildConfigurations = (
				9BA187D425CF56DF009C3A92 /* Debug */,
				9BA187D525CF56DF009C3A92 /* Release */,
			);
			defaultConfigurationIsVisible = 0;
			defaultConfigurationName = Release;
		};
/* End XCConfigurationList section */
	};
	rootObject = 9BA1879B25CF56D9009C3A92 /* Project object */;
}
